<?xml version="1.0" encoding="utf-8"?>
<Project ToolsVersion="4.0" xmlns="http://schemas.microsoft.com/developer/msbuild/2003">
  <ItemGroup>
    <Filter Include="Shaders">
      <UniqueIdentifier>{7cbe2030-fc89-4f4b-a6be-545d79b7c8f5}</UniqueIdentifier>
    </Filter>
    <Filter Include="Sources">
      <UniqueIdentifier>{d2f50e3c-c8be-4b13-b163-9d06515efab1}</UniqueIdentifier>
    </Filter>
  </ItemGroup>
  <ItemGroup>
    <ClCompile Include="..\Sources\Entry.cpp">
      <Filter>Sources</Filter>
    </ClCompile>
    <ClCompile Include="..\Thirdparty\GLAD\src\glad.c">
      <Filter>Sources</Filter>
    </ClCompile>
    <ClCompile Include="..\Sources\Shader.cpp">
      <Filter>Sources</Filter>
    </ClCompile>
    <ClCompile Include="..\Sources\Mesh.cpp">
      <Filter>Sources</Filter>
    </ClCompile>
    <ClCompile Include="..\Sources\Model.cpp">
      <Filter>Sources</Filter>
    </ClCompile>
  </ItemGroup>
  <ItemGroup>
    <None Include="..\Resources\Shaders\BasicVS.glsl">
      <Filter>Shaders</Filter>
    </None>
    <None Include="..\Resources\Shaders\BasicPS.glsl">
      <Filter>Shaders</Filter>
    </None>
    <None Include="..\Resources\Shaders\OutlinePS.glsl">
      <Filter>Shaders</Filter>
    </None>
    <None Include="..\Resources\Shaders\OutlineVS.glsl">
      <Filter>Shaders</Filter>
    </None>
    <None Include="..\Resources\Shaders\TransparencyPS.glsl">
      <Filter>Shaders</Filter>
    </None>
    <None Include="..\Resources\Shaders\FrameBufferScreenVS.glsl">
      <Filter>Shaders</Filter>
    </None>
    <None Include="..\Resources\Shaders\FrameBufferScreenPS.glsl">
      <Filter>Shaders</Filter>
    </None>
    <None Include="..\Resources\Shaders\SkyboxVS.glsl">
      <Filter>Shaders</Filter>
    </None>
    <None Include="..\Resources\Shaders\SkyboxPS.glsl">
      <Filter>Shaders</Filter>
    </None>
  </ItemGroup>
  <ItemGroup>
    <ClInclude Include="..\Sources\Shader.h">
      <Filter>Sources</Filter>
    </ClInclude>
    <ClInclude Include="..\Thirdparty\stb_image\stb_image.h">
      <Filter>Sources</Filter>
    </ClInclude>
    <ClInclude Include="..\Sources\Camera.h">
      <Filter>Sources</Filter>
    </ClInclude>
    <ClInclude Include="..\Sources\Mesh.h">
      <Filter>Sources</Filter>
    </ClInclude>
    <ClInclude Include="..\Sources\Model.h">
      <Filter>Sources</Filter>
    </ClInclude>
  </ItemGroup>
  <ItemGroup>
    <Text Include="..\Resources\Shaders\SimpleLightVS.glsl">
      <Filter>Shaders</Filter>
    </Text>
    <Text Include="..\Resources\Shaders\SimpleLightPS.glsl">
      <Filter>Shaders</Filter>
    </Text>
    <Text Include="..\Resources\Shaders\SimpleLampPS.glsl">
      <Filter>Shaders</Filter>
    </Text>
    <Text Include="..\Resources\Shaders\DepthVisualizePS.glsl">
      <Filter>Shaders</Filter>
    </Text>
  </ItemGroup>
</Project>